
Microsoft Visual Studio Solution File, Format Version 12.00
# Visual Studio Version 16
VisualStudioVersion = 16.0.30011.22
MinimumVisualStudioVersion = 10.0.40219.1
Project("{FAE04EC0-301F-11D3-BF4B-00C04F79EFBC}") = "ShopKeepApp.Android", "ShopKeepApp\ShopKeepApp.Android\ShopKeepApp.Android.csproj", "{DDA105FD-2E9E-4B96-AAF8-A76C3FD6C1E2}"
EndProject
Project("{FAE04EC0-301F-11D3-BF4B-00C04F79EFBC}") = "ShopKeepApp.iOS", "ShopKeepApp\ShopKeepApp.iOS\ShopKeepApp.iOS.csproj", "{EBD35A30-1F14-4903-8988-38E89F05B876}"
EndProject
Project("{FAE04EC0-301F-11D3-BF4B-00C04F79EFBC}") = "ShopKeepApp", "ShopKeepApp\ShopKeepApp\ShopKeepApp.csproj", "{E8CE8ED5-2BCA-4206-9A3D-CB534CD690DF}"
EndProject
Global
	GlobalSection(SolutionConfigurationPlatforms) = preSolution
		Debug|Any CPU = Debug|Any CPU
		Debug|iPhone = Debug|iPhone
		Debug|iPhoneSimulator = Debug|iPhoneSimulator
		Release|Any CPU = Release|Any CPU
		Release|iPhone = Release|iPhone
		Release|iPhoneSimulator = Release|iPhoneSimulator
	EndGlobalSection
	GlobalSection(ProjectConfigurationPlatforms) = postSolution
		{DDA105FD-2E9E-4B96-AAF8-A76C3FD6C1E2}.Debug|Any CPU.ActiveCfg = Debug|Any CPU
		{DDA105FD-2E9E-4B96-AAF8-A76C3FD6C1E2}.Debug|Any CPU.Build.0 = Debug|Any CPU
		{DDA105FD-2E9E-4B96-AAF8-A76C3FD6C1E2}.Debug|Any CPU.Deploy.0 = Debug|Any CPU
		{DDA105FD-2E9E-4B96-AAF8-A76C3FD6C1E2}.Debug|iPhone.ActiveCfg = Debug|Any CPU
		{DDA105FD-2E9E-4B96-AAF8-A76C3FD6C1E2}.Debug|iPhone.Build.0 = Debug|Any CPU
		{DDA105FD-2E9E-4B96-AAF8-A76C3FD6C1E2}.Debug|iPhone.Deploy.0 = Debug|Any CPU
		{DDA105FD-2E9E-4B96-AAF8-A76C3FD6C1E2}.Debug|iPhoneSimulator.ActiveCfg = Debug|Any CPU
		{DDA105FD-2E9E-4B96-AAF8-A76C3FD6C1E2}.Debug|iPhoneSimulator.Build.0 = Debug|Any CPU
		{DDA105FD-2E9E-4B96-AAF8-A76C3FD6C1E2}.Debug|iPhoneSimulator.Deploy.0 = Debug|Any CPU
		{DDA105FD-2E9E-4B96-AAF8-A76C3FD6C1E2}.Release|Any CPU.ActiveCfg = Release|Any CPU
		{DDA105FD-2E9E-4B96-AAF8-A76C3FD6C1E2}.Release|Any CPU.Build.0 = Release|Any CPU
		{DDA105FD-2E9E-4B96-AAF8-A76C3FD6C1E2}.Release|Any CPU.Deploy.0 = Release|Any CPU
		{DDA105FD-2E9E-4B96-AAF8-A76C3FD6C1E2}.Release|iPhone.ActiveCfg = Release|Any CPU
		{DDA105FD-2E9E-4B96-AAF8-A76C3FD6C1E2}.Release|iPhone.Build.0 = Release|Any CPU
		{DDA105FD-2E9E-4B96-AAF8-A76C3FD6C1E2}.Release|iPhone.Deploy.0 = Release|Any CPU
		{DDA105FD-2E9E-4B96-AAF8-A76C3FD6C1E2}.Release|iPhoneSimulator.ActiveCfg = Release|Any CPU
		{DDA105FD-2E9E-4B96-AAF8-A76C3FD6C1E2}.Release|iPhoneSimulator.Build.0 = Release|Any CPU
		{DDA105FD-2E9E-4B96-AAF8-A76C3FD6C1E2}.Release|iPhoneSimulator.Deploy.0 = Release|Any CPU
		{EBD35A30-1F14-4903-8988-38E89F05B876}.Debug|Any CPU.ActiveCfg = Debug|iPhone
		{EBD35A30-1F14-4903-8988-38E89F05B876}.Debug|Any CPU.Build.0 = Debug|iPhone
		{EBD35A30-1F14-4903-8988-38E89F05B876}.Debug|Any CPU.Deploy.0 = Debug|iPhone
		{EBD35A30-1F14-4903-8988-38E89F05B876}.Debug|iPhone.ActiveCfg = Debug|iPhone
		{EBD35A30-1F14-4903-8988-38E89F05B876}.Debug|iPhone.Build.0 = Debug|iPhone
		{EBD35A30-1F14-4903-8988-38E89F05B876}.Debug|iPhone.Deploy.0 = Debug|iPhone
		{EBD35A30-1F14-4903-8988-38E89F05B876}.Debug|iPhoneSimulator.ActiveCfg = Debug|iPhoneSimulator
		{EBD35A30-1F14-4903-8988-38E89F05B876}.Debug|iPhoneSimulator.Build.0 = Debug|iPhoneSimulator
		{EBD35A30-1F14-4903-8988-38E89F05B876}.Debug|iPhoneSimulator.Deploy.0 = Debug|iPhoneSimulator
		{EBD35A30-1F14-4903-8988-38E89F05B876}.Release|Any CPU.ActiveCfg = Release|iPhone
		{EBD35A30-1F14-4903-8988-38E89F05B876}.Release|Any CPU.Build.0 = Release|iPhone
		{EBD35A30-1F14-4903-8988-38E89F05B876}.Release|Any CPU.Deploy.0 = Release|iPhone
		{EBD35A30-1F14-4903-8988-38E89F05B876}.Release|iPhone.ActiveCfg = Release|iPhone
		{EBD35A30-1F14-4903-8988-38E89F05B876}.Release|iPhone.Build.0 = Release|iPhone
		{EBD35A30-1F14-4903-8988-38E89F05B876}.Release|iPhone.Deploy.0 = Release|iPhone
		{EBD35A30-1F14-4903-8988-38E89F05B876}.Release|iPhoneSimulator.ActiveCfg = Release|iPhoneSimulator
		{EBD35A30-1F14-4903-8988-38E89F05B876}.Release|iPhoneSimulator.Build.0 = Release|iPhoneSimulator
		{EBD35A30-1F14-4903-8988-38E89F05B876}.Release|iPhoneSimulator.Deploy.0 = Release|iPhoneSimulator
		{E8CE8ED5-2BCA-4206-9A3D-CB534CD690DF}.Debug|Any CPU.ActiveCfg = Debug|Any CPU
		{E8CE8ED5-2BCA-4206-9A3D-CB534CD690DF}.Debug|Any CPU.Build.0 = Debug|Any CPU
		{E8CE8ED5-2BCA-4206-9A3D-CB534CD690DF}.Debug|Any CPU.Deploy.0 = Debug|Any CPU
		{E8CE8ED5-2BCA-4206-9A3D-CB534CD690DF}.Debug|iPhone.ActiveCfg = Debug|Any CPU
		{E8CE8ED5-2BCA-4206-9A3D-CB534CD690DF}.Debug|iPhone.Build.0 = Debug|Any CPU
		{E8CE8ED5-2BCA-4206-9A3D-CB534CD690DF}.Debug|iPhone.Deploy.0 = Debug|Any CPU
		{E8CE8ED5-2BCA-4206-9A3D-CB534CD690DF}.Debug|iPhoneSimulator.ActiveCfg = Debug|Any CPU
		{E8CE8ED5-2BCA-4206-9A3D-CB534CD690DF}.Debug|iPhoneSimulator.Build.0 = Debug|Any CPU
		{E8CE8ED5-2BCA-4206-9A3D-CB534CD690DF}.Debug|iPhoneSimulator.Deploy.0 = Debug|Any CPU
		{E8CE8ED5-2BCA-4206-9A3D-CB534CD690DF}.Release|Any CPU.ActiveCfg = Release|Any CPU
		{E8CE8ED5-2BCA-4206-9A3D-CB534CD690DF}.Release|Any CPU.Build.0 = Release|Any CPU
		{E8CE8ED5-2BCA-4206-9A3D-CB534CD690DF}.Release|Any CPU.Deploy.0 = Release|Any CPU
		{E8CE8ED5-2BCA-4206-9A3D-CB534CD690DF}.Release|iPhone.ActiveCfg = Release|Any CPU
		{E8CE8ED5-2BCA-4206-9A3D-CB534CD690DF}.Release|iPhone.Build.0 = Release|Any CPU
		{E8CE8ED5-2BCA-4206-9A3D-CB534CD690DF}.Release|iPhone.Deploy.0 = Release|Any CPU
		{E8CE8ED5-2BCA-4206-9A3D-CB534CD690DF}.Release|iPhoneSimulator.ActiveCfg = Release|Any CPU
		{E8CE8ED5-2BCA-4206-9A3D-CB534CD690DF}.Release|iPhoneSimulator.Build.0 = Release|Any CPU
		{E8CE8ED5-2BCA-4206-9A3D-CB534CD690DF}.Release|iPhoneSimulator.Deploy.0 = Release|Any CPU
	EndGlobalSection
	GlobalSection(SolutionProperties) = preSolution
		HideSolutionNode = FALSE
	EndGlobalSection
	GlobalSection(ExtensibilityGlobals) = postSolution
		SolutionGuid = {C558CC04-80F7-4E4B-806F-0D4939352C60}
	EndGlobalSection
EndGlobal
